
Microsoft Visual Studio Solution File, Format Version 12.00
# Visual Studio Version 17
VisualStudioVersion = 17.11.35219.272
MinimumVisualStudioVersion = 10.0.40219.1
Project("{9A19103F-16F7-4668-BE54-9A1E7A4F7556}") = "Proyect", "Proyect\Proyect.csproj", "{7F59CE58-116D-47C4-979B-F538D6B0F443}"
EndProject
Global
	GlobalSection(SolutionConfigurationPlatforms) = preSolution
		Debug|Any CPU = Debug|Any CPU
		Release|Any CPU = Release|Any CPU
	EndGlobalSection
	GlobalSection(ProjectConfigurationPlatforms) = postSolution
		{7F59CE58-116D-47C4-979B-F538D6B0F443}.Debug|Any CPU.ActiveCfg = Debug|Any CPU
		{7F59CE58-116D-47C4-979B-F538D6B0F443}.Debug|Any CPU.Build.0 = Debug|Any CPU
		{7F59CE58-116D-47C4-979B-F538D6B0F443}.Release|Any CPU.ActiveCfg = Release|Any CPU
		{7F59CE58-116D-47C4-979B-F538D6B0F443}.Release|Any CPU.Build.0 = Release|Any CPU
	EndGlobalSection
	GlobalSection(SolutionProperties) = preSolution
		HideSolutionNode = FALSE
	EndGlobalSection
	GlobalSection(ExtensibilityGlobals) = postSolution
		SolutionGuid = {8C997EFF-EC47-4BF8-8CC9-D19B4DAB8895}
	EndGlobalSection
EndGlobal
